
Microsoft Visual Studio Solution File, Format Version 12.00
# Visual Studio Version 17
VisualStudioVersion = 17.14.36327.8
MinimumVisualStudioVersion = 10.0.40219.1
Project("{FAE04EC0-301F-11D3-BF4B-00C04F79EFBC}") = "NCToolBox", "NCToolBox\NCToolBox.csproj", "{6C338A24-2180-4B22-BC65-0FE643932193}"
EndProject
Project("{8BC9CEB8-8B4A-11D0-8D11-00A0C91BC942}") = "QtNCToolBox", "QtNCToolBox\QtNCToolBox.vcxproj", "{456107F2-9836-4ACB-986D-DB014E2530FF}"
EndProject
Global
	GlobalSection(SolutionConfigurationPlatforms) = preSolution
		Debug|Any CPU = Debug|Any CPU
		Debug|x64 = Debug|x64
		Release|Any CPU = Release|Any CPU
		Release|x64 = Release|x64
	EndGlobalSection
	GlobalSection(ProjectConfigurationPlatforms) = postSolution
		{6C338A24-2180-4B22-BC65-0FE643932193}.Debug|Any CPU.ActiveCfg = Debug|Any CPU
		{6C338A24-2180-4B22-BC65-0FE643932193}.Debug|Any CPU.Build.0 = Debug|Any CPU
		{6C338A24-2180-4B22-BC65-0FE643932193}.Debug|x64.ActiveCfg = Debug|Any CPU
		{6C338A24-2180-4B22-BC65-0FE643932193}.Debug|x64.Build.0 = Debug|Any CPU
		{6C338A24-2180-4B22-BC65-0FE643932193}.Release|Any CPU.ActiveCfg = Release|Any CPU
		{6C338A24-2180-4B22-BC65-0FE643932193}.Release|Any CPU.Build.0 = Release|Any CPU
		{6C338A24-2180-4B22-BC65-0FE643932193}.Release|x64.ActiveCfg = Release|Any CPU
		{6C338A24-2180-4B22-BC65-0FE643932193}.Release|x64.Build.0 = Release|Any CPU
		{456107F2-9836-4ACB-986D-DB014E2530FF}.Debug|Any CPU.ActiveCfg = Debug|x64
		{456107F2-9836-4ACB-986D-DB014E2530FF}.Debug|Any CPU.Build.0 = Debug|x64
		{456107F2-9836-4ACB-986D-DB014E2530FF}.Debug|x64.ActiveCfg = Debug|x64
		{456107F2-9836-4ACB-986D-DB014E2530FF}.Debug|x64.Build.0 = Debug|x64
		{456107F2-9836-4ACB-986D-DB014E2530FF}.Release|Any CPU.ActiveCfg = Release|x64
		{456107F2-9836-4ACB-986D-DB014E2530FF}.Release|Any CPU.Build.0 = Release|x64
		{456107F2-9836-4ACB-986D-DB014E2530FF}.Release|x64.ActiveCfg = Release|x64
		{456107F2-9836-4ACB-986D-DB014E2530FF}.Release|x64.Build.0 = Release|x64
	EndGlobalSection
	GlobalSection(SolutionProperties) = preSolution
		HideSolutionNode = FALSE
	EndGlobalSection
	GlobalSection(ExtensibilityGlobals) = postSolution
		SolutionGuid = {15DD9C8E-6B19-4008-87D2-A04706CD6EC9}
	EndGlobalSection
EndGlobal
